# THIS IS AN AUTOGENERATED FILE. DO NOT EDIT THIS FILE DIRECTLY.
# yarn lockfile v1


acorn@^5.1.1:
  version "5.1.2"
  resolved "https://registry.yarnpkg.com/acorn/-/acorn-5.1.2.tgz#911cb53e036807cf0fa778dc5d370fbd864246d7"

array-source@0.0:
  version "0.0.4"
  resolved "https://registry.yarnpkg.com/array-source/-/array-source-0.0.4.tgz#a525df4a84b1376d27c677cd426a97c3882f8aca"

commander@2, commander@^2.11.0:
  version "2.11.0"
  resolved "https://registry.yarnpkg.com/commander/-/commander-2.11.0.tgz#157152fd1e7a6c8d98a5b715cf376df928004563"

file-source@0.6:
  version "0.6.1"
  resolved "https://registry.yarnpkg.com/file-source/-/file-source-0.6.1.tgz#ae189d4993766b865a77f83adcf9b9a504cd37dc"
  dependencies:
    stream-source "0.3"

ndjson-cli@^0.3.1:
  version "0.3.1"
  resolved "https://registry.yarnpkg.com/ndjson-cli/-/ndjson-cli-0.3.1.tgz#aa98e1a1cc98e524ca37a7bdc03a2ae26f88e140"
  dependencies:
    acorn "^5.1.1"
    commander "^2.11.0"
    resolve "^1.3.3"

path-parse@^1.0.5:
  version "1.0.5"
  resolved "https://registry.yarnpkg.com/path-parse/-/path-parse-1.0.5.tgz#3c1adf871ea9cd6c9431b6ea2bd74a0ff055c4c1"

path-source@0.1:
  version "0.1.3"
  resolved "https://registry.yarnpkg.com/path-source/-/path-source-0.1.3.tgz#03907c595480aa2596a15a901c44f745736e7a73"
  dependencies:
    array-source "0.0"
    file-source "0.6"

resolve@^1.3.3:
  version "1.4.0"
  resolved "https://registry.yarnpkg.com/resolve/-/resolve-1.4.0.tgz#a75be01c53da25d934a98ebd0e4c4a7312f92a86"
  dependencies:
    path-parse "^1.0.5"

shapefile@^0.6.6:
  version "0.6.6"
  resolved "https://registry.yarnpkg.com/shapefile/-/shapefile-0.6.6.tgz#6fee152b9fb2b1c85f690285b692fb68c95a5f4f"
  dependencies:
    array-source "0.0"
    commander "2"
    path-source "0.1"
    slice-source "0.4"
    stream-source "0.3"
    text-encoding "^0.6.4"

slice-source@0.4:
  version "0.4.1"
  resolved "https://registry.yarnpkg.com/slice-source/-/slice-source-0.4.1.tgz#40a57ac03c6668b5da200e05378e000bf2a61d79"

stream-source@0.3:
  version "0.3.5"
  resolved "https://registry.yarnpkg.com/stream-source/-/stream-source-0.3.5.tgz#b97f52d0f8ea566db071db679b985403a31e0340"

text-encoding@^0.6.4:
  version "0.6.4"
  resolved "https://registry.yarnpkg.com/text-encoding/-/text-encoding-0.6.4.tgz#e399a982257a276dae428bb92845cb71bdc26d19"

topojson-client@3, topojson-client@3.0.0:
  version "3.0.0"
  resolved "https://registry.yarnpkg.com/topojson-client/-/topojson-client-3.0.0.tgz#1f99293a77ef42a448d032a81aa982b73f360d2f"
  dependencies:
    commander "2"

topojson-server@3.0.0:
  version "3.0.0"
  resolved "https://registry.yarnpkg.com/topojson-server/-/topojson-server-3.0.0.tgz#378e78e87c3972a7b5be2c5d604369b6bae69c5e"
  dependencies:
    commander "2"

topojson-simplify@3.0.2:
  version "3.0.2"
  resolved "https://registry.yarnpkg.com/topojson-simplify/-/topojson-simplify-3.0.2.tgz#8a2403e639531500fafa0c6594e8b0fadebc2c02"
  dependencies:
    commander "2"
    topojson-client "3"

topojson@^3.0.2:
  version "3.0.2"
  resolved "https://registry.yarnpkg.com/topojson/-/topojson-3.0.2.tgz#fcb927306c3e0fa76656fa58deed4555d2346fb4"
  dependencies:
    topojson-client "3.0.0"
    topojson-server "3.0.0"
    topojson-simplify "3.0.2"
